
Microsoft Visual Studio Solution File, Format Version 12.00
# Visual Studio 14
VisualStudioVersion = 14.0.23107.0
MinimumVisualStudioVersion = 10.0.40219.1
Project("{FAE04EC0-301F-11D3-BF4B-00C04F79EFBC}") = "FG v2", "FG v2\FG v2.csproj", "{04A3A42C-8156-4311-B474-8BAEE11C3811}"
EndProject
Project("{FAE04EC0-301F-11D3-BF4B-00C04F79EFBC}") = "Data", "Data\Data.csproj", "{3BF61F4E-D99E-4303-97EE-C6852047F1FD}"
EndProject
Project("{FAE04EC0-301F-11D3-BF4B-00C04F79EFBC}") = "Server", "Server\Server.csproj", "{E5086742-F1F7-419F-82B5-6F24A6BEB600}"
EndProject
Project("{FAE04EC0-301F-11D3-BF4B-00C04F79EFBC}") = "baseDatos", "baseDatos\baseDatos.csproj", "{F17CE57D-EE56-4259-85A8-FF5FD7371A19}"
EndProject
Global
	GlobalSection(SolutionConfigurationPlatforms) = preSolution
		Debug|Any CPU = Debug|Any CPU
		Release|Any CPU = Release|Any CPU
	EndGlobalSection
	GlobalSection(ProjectConfigurationPlatforms) = postSolution
		{04A3A42C-8156-4311-B474-8BAEE11C3811}.Debug|Any CPU.ActiveCfg = Debug|Any CPU
		{04A3A42C-8156-4311-B474-8BAEE11C3811}.Debug|Any CPU.Build.0 = Debug|Any CPU
		{04A3A42C-8156-4311-B474-8BAEE11C3811}.Release|Any CPU.ActiveCfg = Release|Any CPU
		{04A3A42C-8156-4311-B474-8BAEE11C3811}.Release|Any CPU.Build.0 = Release|Any CPU
		{3BF61F4E-D99E-4303-97EE-C6852047F1FD}.Debug|Any CPU.ActiveCfg = Debug|Any CPU
		{3BF61F4E-D99E-4303-97EE-C6852047F1FD}.Debug|Any CPU.Build.0 = Debug|Any CPU
		{3BF61F4E-D99E-4303-97EE-C6852047F1FD}.Release|Any CPU.ActiveCfg = Release|Any CPU
		{3BF61F4E-D99E-4303-97EE-C6852047F1FD}.Release|Any CPU.Build.0 = Release|Any CPU
		{E5086742-F1F7-419F-82B5-6F24A6BEB600}.Debug|Any CPU.ActiveCfg = Debug|Any CPU
		{E5086742-F1F7-419F-82B5-6F24A6BEB600}.Debug|Any CPU.Build.0 = Debug|Any CPU
		{E5086742-F1F7-419F-82B5-6F24A6BEB600}.Release|Any CPU.ActiveCfg = Release|Any CPU
		{E5086742-F1F7-419F-82B5-6F24A6BEB600}.Release|Any CPU.Build.0 = Release|Any CPU
		{F17CE57D-EE56-4259-85A8-FF5FD7371A19}.Debug|Any CPU.ActiveCfg = Debug|Any CPU
		{F17CE57D-EE56-4259-85A8-FF5FD7371A19}.Debug|Any CPU.Build.0 = Debug|Any CPU
		{F17CE57D-EE56-4259-85A8-FF5FD7371A19}.Release|Any CPU.ActiveCfg = Release|Any CPU
		{F17CE57D-EE56-4259-85A8-FF5FD7371A19}.Release|Any CPU.Build.0 = Release|Any CPU
	EndGlobalSection
	GlobalSection(SolutionProperties) = preSolution
		HideSolutionNode = FALSE
	EndGlobalSection
EndGlobal
